
Microsoft Visual Studio Solution File, Format Version 12.00
# Visual Studio 15
Project("{FAE04EC0-301F-11D3-BF4B-00C04F79EFBC}") = "HierarchXml", "HierarchXml.csproj", "{B999F30E-8292-4AD3-8398-E3663D3DB79E}"
EndProject
Global
	GlobalSection(SolutionConfigurationPlatforms) = preSolution
		Debug|x86 = Debug|x86
		Release|x86 = Release|x86
	EndGlobalSection
	GlobalSection(ProjectConfigurationPlatforms) = postSolution
		{B999F30E-8292-4AD3-8398-E3663D3DB79E}.Debug|x86.ActiveCfg = Debug|x86
		{B999F30E-8292-4AD3-8398-E3663D3DB79E}.Debug|x86.Build.0 = Debug|x86
		{B999F30E-8292-4AD3-8398-E3663D3DB79E}.Release|x86.ActiveCfg = Release|x86
		{B999F30E-8292-4AD3-8398-E3663D3DB79E}.Release|x86.Build.0 = Release|x86
	EndGlobalSection
EndGlobal
